
Microsoft Visual Studio Solution File, Format Version 12.00
# Visual Studio Version 16
VisualStudioVersion = 16.0.28407.52
MinimumVisualStudioVersion = 10.0.40219.1
Project("{FAE04EC0-301F-11D3-BF4B-00C04F79EFBC}") = "ULogischeOperatoren", "ULogischeOperatoren.csproj", "{2300F593-38A0-44C1-8704-B832BF36E15D}"
EndProject
Global
	GlobalSection(SolutionConfigurationPlatforms) = preSolution
		Debug|Any CPU = Debug|Any CPU
		Release|Any CPU = Release|Any CPU
	EndGlobalSection
	GlobalSection(ProjectConfigurationPlatforms) = postSolution
		{2300F593-38A0-44C1-8704-B832BF36E15D}.Debug|Any CPU.ActiveCfg = Debug|Any CPU
		{2300F593-38A0-44C1-8704-B832BF36E15D}.Debug|Any CPU.Build.0 = Debug|Any CPU
		{2300F593-38A0-44C1-8704-B832BF36E15D}.Release|Any CPU.ActiveCfg = Release|Any CPU
		{2300F593-38A0-44C1-8704-B832BF36E15D}.Release|Any CPU.Build.0 = Release|Any CPU
	EndGlobalSection
	GlobalSection(SolutionProperties) = preSolution
		HideSolutionNode = FALSE
	EndGlobalSection
	GlobalSection(ExtensibilityGlobals) = postSolution
		SolutionGuid = {5C2A0EAB-11EB-466A-A1D0-66E4406C6C1D}
	EndGlobalSection
EndGlobal
