
Microsoft Visual Studio Solution File, Format Version 12.00
# Visual Studio Version 16
VisualStudioVersion = 25.0.1704.0
MinimumVisualStudioVersion = 10.0.40219.1
Project("{FAE04EC0-301F-11D3-BF4B-00C04F79EFBC}") = "HelloWorld", "HelloWorld\HelloWorld.csproj", "{D7404A7D-1130-488C-B690-DA2E444EDC2B}"
EndProject
Global
	GlobalSection(SolutionConfigurationPlatforms) = preSolution
		Debug|Any CPU = Debug|Any CPU
		Release|Any CPU = Release|Any CPU
	EndGlobalSection
	GlobalSection(ProjectConfigurationPlatforms) = postSolution
		{D7404A7D-1130-488C-B690-DA2E444EDC2B}.Debug|Any CPU.ActiveCfg = Debug|Any CPU
		{D7404A7D-1130-488C-B690-DA2E444EDC2B}.Debug|Any CPU.Build.0 = Debug|Any CPU
		{D7404A7D-1130-488C-B690-DA2E444EDC2B}.Release|Any CPU.ActiveCfg = Release|Any CPU
		{D7404A7D-1130-488C-B690-DA2E444EDC2B}.Release|Any CPU.Build.0 = Release|Any CPU
	EndGlobalSection
	GlobalSection(SolutionProperties) = preSolution
		HideSolutionNode = FALSE
	EndGlobalSection
	GlobalSection(ExtensibilityGlobals) = postSolution
		SolutionGuid = {86E72F10-4108-4291-BE00-D1C384F9B421}
	EndGlobalSection
EndGlobal
